<?xml version="1.0" encoding="utf-8"?>
<Project ToolsVersion="4.0" xmlns="http://schemas.microsoft.com/developer/msbuild/2003">
  <ItemGroup>
    <ClCompile Include="..\src\Matrix.cpp" />
    <ClCompile Include="..\src\joc.cpp" />
    <ClCompile Include="..\src\Sprite.cpp" />
    <ClCompile Include="..\src\Vector3.cpp" />
    <ClCompile Include="..\src\Shapes.h" />
    <ClCompile Include="..\src\SpriteTriangle.cpp" />
    <ClCompile Include="..\src\SpriteCircle.cpp" />
    <ClCompile Include="..\src\stb_image.c" />
  </ItemGroup>
  <ItemGroup>
    <ClInclude Include="..\src\Matrix.h" />
    <ClInclude Include="..\src\Utils.h" />
    <ClInclude Include="..\src\Sprite.h" />
    <ClInclude Include="..\src\Vector3.h" />
    <ClInclude Include="..\src\SpriteTriangle.h" />
    <ClInclude Include="..\src\SpriteCircle.h" />
    <ClInclude Include="..\src\stb_image.h" />
  </ItemGroup>
</Project>