<?xml version="1.0" encoding="utf-8"?>
<Project ToolsVersion="4.0" xmlns="http://schemas.microsoft.com/developer/msbuild/2003">
  <ItemGroup>
    <ClCompile Include="..\src\Matrix.cpp" />
    <ClCompile Include="..\src\joc.cpp" />
    <ClCompile Include="..\src\Sprite.cpp" />
    <ClCompile Include="..\src\Vector3.cpp" />
    <ClCompile Include="..\src\Shapes.h" />
    <ClCompile Include="..\src\stb_image.c" />
    <ClCompile Include="..\src\SpriteManager.cpp" />
    <ClCompile Include="..\src\Player.cpp" />
    <ClCompile Include="..\src\Enemy.cpp" />
    <ClCompile Include="..\src\Projectile.cpp" />
    <ClCompile Include="..\src\Texture.cpp" />
    <ClCompile Include="..\src\TextureManager.cpp" />
    <ClCompile Include="..\src\EnemyFactory.cpp" />
    <ClCompile Include="..\src\Physics.cpp" />
    <ClCompile Include="..\src\SettingsManager.cpp" />
    <ClCompile Include="..\src\PhysicsManager.cpp" />
    <ClCompile Include="..\src\Combatant.cpp" />
    <ClCompile Include="..\src\LayerManager.cpp" />
    <ClCompile Include="..\src\Powerup.cpp" />
    <ClCompile Include="..\src\Camera.cpp" />
  </ItemGroup>
  <ItemGroup>
    <ClInclude Include="..\src\Matrix.h" />
    <ClInclude Include="..\src\Utils.h" />
    <ClInclude Include="..\src\Sprite.h" />
    <ClInclude Include="..\src\Vector3.h" />
    <ClInclude Include="..\src\stb_image.h" />
    <ClInclude Include="..\src\SpriteManager.h" />
    <ClInclude Include="..\src\Player.h" />
    <ClInclude Include="..\src\Enemy.h" />
    <ClInclude Include="..\src\Projectile.h" />
    <ClInclude Include="..\src\Texture.h" />
    <ClInclude Include="..\src\TextureManager.h" />
    <ClInclude Include="..\src\EnemyFactory.h" />
    <ClInclude Include="..\src\Physics.h" />
    <ClInclude Include="..\src\SettingsManager.h" />
    <ClInclude Include="..\src\PhysicsManager.h" />
    <ClInclude Include="..\src\Combatant.h" />
    <ClInclude Include="..\src\LayerManager.h" />
    <ClInclude Include="..\src\Powerup.h" />
    <ClInclude Include="..\src\Camera.h" />
  </ItemGroup>
</Project>